{
  "name": "client",
  "version": "0.1.0",
  "lockfileVersion": 3,
  "requires": true,
  "packages": {
    "": {
      "name": "client",
      "version": "0.1.0",
      "license": "MIT",
      "dependencies": {
        "@emotion/react": "^11.10.6",
        "@emotion/styled": "^11.10.6",
        "@mui/icons-material": "^5.11.11",
        "@mui/material": "^5.11.13",
        "@mui/x-data-grid": "5.17.13",
        "@nivo/bar": "^0.80.0",
        "@nivo/core": "^0.80.0",
        "@nivo/geo": "^0.80.0",
        "@nivo/line": "^0.80.0",
        "@nivo/pie": "^0.80.0",
        "@reduxjs/toolkit": "^1.9.3",
        "@testing-library/jest-dom": "^5.14.1",
        "@testing-library/react": "^13.0.0",
