# THIS IS AN AUTOGENERATED FILE. DO NOT EDIT THIS FILE DIRECTLY.
# yarn lockfile v1


"@adobe/css-tools@^4.0.1":
  version "4.3.2"
  resolved "https://registry.npmjs.org/@adobe/css-tools/-/css-tools-4.3.2.tgz"
  integrity sha512-DA5a1C0gD/pLOvhv33YMrbf2FK3oUzwNl9oOJqE4XVjuEtt6XIakRcsd7eLiOSPkp1kTRQGICTA8cKra/vFbjw==

"@ampproject/remapping@^2.2.0":
