{
  "name": "server",
  "version": "1.0.0",
  "lockfileVersion": 3,
  "requires": true,
  "packages": {
    "": {
      "name": "server",
      "version": "1.0.0",
      "license": "MIT",
      "dependencies": {
        "body-parser": "^1.20.3",
        "cors": "^2.8.5",
        "country-iso-2-to-3": "^1.1.0",
        "dotenv": "^16.0.3",
        "express": "^4.20.0",
        "express-rate-limit": "^6.7.0",
        "helmet": "^6.0.1",
